
Microsoft Visual Studio Solution File, Format Version 12.00
# Visual Studio 15
Project("{FAE04EC0-301F-11D3-BF4B-00C04F79EFBC}") = "Assembly-CSharp", "Assembly-CSharp.csproj", "{8C307D26-1DA7-85E5-6E37-CD635D5FDCEC}"
EndProject
Project("{FAE04EC0-301F-11D3-BF4B-00C04F79EFBC}") = "Assembly-CSharp-Editor", "Assembly-CSharp-Editor.csproj", "{A78F90B4-4376-3DE7-B7F3-B96754C9269F}"
EndProject
Global
	GlobalSection(SolutionConfigurationPlatforms) = preSolution
		Debug|Any CPU = Debug|Any CPU
		Release|Any CPU = Release|Any CPU
	EndGlobalSection
	GlobalSection(ProjectConfigurationPlatforms) = postSolution
		{8C307D26-1DA7-85E5-6E37-CD635D5FDCEC}.Debug|Any CPU.ActiveCfg = Debug|Any CPU
		{8C307D26-1DA7-85E5-6E37-CD635D5FDCEC}.Debug|Any CPU.Build.0 = Debug|Any CPU
		{8C307D26-1DA7-85E5-6E37-CD635D5FDCEC}.Release|Any CPU.ActiveCfg = Release|Any CPU
		{8C307D26-1DA7-85E5-6E37-CD635D5FDCEC}.Release|Any CPU.Build.0 = Release|Any CPU
		{A78F90B4-4376-3DE7-B7F3-B96754C9269F}.Debug|Any CPU.ActiveCfg = Debug|Any CPU
		{A78F90B4-4376-3DE7-B7F3-B96754C9269F}.Debug|Any CPU.Build.0 = Debug|Any CPU
		{A78F90B4-4376-3DE7-B7F3-B96754C9269F}.Release|Any CPU.ActiveCfg = Release|Any CPU
		{A78F90B4-4376-3DE7-B7F3-B96754C9269F}.Release|Any CPU.Build.0 = Release|Any CPU
	EndGlobalSection
	GlobalSection(SolutionProperties) = preSolution
		HideSolutionNode = FALSE
	EndGlobalSection
EndGlobal
